
Microsoft Visual Studio Solution File, Format Version 12.00
# Visual Studio 15
VisualStudioVersion = 15.0.28307.329
MinimumVisualStudioVersion = 10.0.40219.1
Project("{FAE04EC0-301F-11D3-BF4B-00C04F79EFBC}") = "Catalog.Api", "Catalog.Api\Catalog.Api.csproj", "{BD496735-ACDC-4EB5-A34C-C5FF798CC3EC}"
EndProject
Global
	GlobalSection(SolutionConfigurationPlatforms) = preSolution
		Debug|Any CPU = Debug|Any CPU
		Release|Any CPU = Release|Any CPU
	EndGlobalSection
	GlobalSection(ProjectConfigurationPlatforms) = postSolution
		{BD496735-ACDC-4EB5-A34C-C5FF798CC3EC}.Debug|Any CPU.ActiveCfg = Debug|Any CPU
		{BD496735-ACDC-4EB5-A34C-C5FF798CC3EC}.Debug|Any CPU.Build.0 = Debug|Any CPU
		{BD496735-ACDC-4EB5-A34C-C5FF798CC3EC}.Release|Any CPU.ActiveCfg = Release|Any CPU
		{BD496735-ACDC-4EB5-A34C-C5FF798CC3EC}.Release|Any CPU.Build.0 = Release|Any CPU
	EndGlobalSection
	GlobalSection(SolutionProperties) = preSolution
		HideSolutionNode = FALSE
	EndGlobalSection
	GlobalSection(ExtensibilityGlobals) = postSolution
		SolutionGuid = {DC16DC46-BB1F-4E2E-8526-0E2FF9C2F1C7}
	EndGlobalSection
EndGlobal
